// !$*UTF8*$!
{
	archiveVersion = 1;
	classes = {
	};
	objectVersion = 50;
	objects = {

/* Begin PBXBuildFile section */
		EDC17F8E2642E10E00A80F32 /* AVFoundation.framework in Frameworks */ = {isa = PBXBuildFile; fileRef = EDC17F8D2642E10E00A80F32 /* AVFoundation.framework */; };
		EDC17F972642FD0600A80F32 /* swoosh.mp3 in Resources */ = {isa = PBXBuildFile; fileRef = EDC17F962642FD0600A80F32 /* swoosh.mp3 */; };
		EDC17F9F2643156B00A80F32 /* CustomTableViewCell.swift in Sources */ = {isa = PBXBuildFile; fileRef = EDC17F9E2643156B00A80F32 /* CustomTableViewCell.swift */; };
		EDC17FA226431CE700A80F32 /* defaultplayer.jpeg in Resources */ = {isa = PBXBuildFile; fileRef = EDC17FA126431CE700A80F32 /* defaultplayer.jpeg */; };
		EDDD7FC6263EEA6100D395B8 /* PlayerStatsViewController.swift in Sources */ = {isa = PBXBuildFile; fileRef = EDDD7FC5263EEA6100D395B8 /* PlayerStatsViewController.swift */; };
		EDE475EB263C128A0096E7B9 /* PlayersViewController.swift in Sources */ = {isa = PBXBuildFile; fileRef = EDE475EA263C128A0096E7B9 /* PlayersViewController.swift */; };
		EDE475EE263C12AB0096E7B9 /* PlayerInfo.swift in Sources */ = {isa = PBXBuildFile; fileRef = EDE475ED263C12AB0096E7B9 /* PlayerInfo.swift */; };
		EDE475F1263C2EF90096E7B9 /* PlayerStatsInfo.swift in Sources */ = {isa = PBXBuildFile; fileRef = EDE475F0263C2EF90096E7B9 /* PlayerStatsInfo.swift */; };
		EDE475F8263C3B870096E7B9 /* TeamsAndPlayers.swift in Sources */ = {isa = PBXBuildFile; fileRef = EDE475F7263C3B870096E7B9 /* TeamsAndPlayers.swift */; };
		EDFB950F2636E45300A55C12 /* AppDelegate.swift in Sources */ = {isa = PBXBuildFile; fileRef = EDFB950E2636E45300A55C12 /* AppDelegate.swift */; };
		EDFB95112636E45300A55C12 /* SceneDelegate.swift in Sources */ = {isa = PBXBuildFile; fileRef = EDFB95102636E45300A55C12 /* SceneDelegate.swift */; };
		EDFB95132636E45300A55C12 /* ViewController.swift in Sources */ = {isa = PBXBuildFile; fileRef = EDFB95122636E45300A55C12 /* ViewController.swift */; };
		EDFB95162636E45300A55C12 /* Main.storyboard in Resources */ = {isa = PBXBuildFile; fileRef = EDFB95142636E45300A55C12 /* Main.storyboard */; };
		EDFB95182636E45400A55C12 /* Assets.xcassets in Resources */ = {isa = PBXBuildFile; fileRef = EDFB95172636E45400A55C12 /* Assets.xcassets */; };
		EDFB951B2636E45400A55C12 /* LaunchScreen.storyboard in Resources */ = {isa = PBXBuildFile; fileRef = EDFB95192636E45400A55C12 /* LaunchScreen.storyboard */; };
		EDFB952B2636E88200A55C12 /* TeamViewController.swift in Sources */ = {isa = PBXBuildFile; fileRef = EDFB952A2636E88200A55C12 /* TeamViewController.swift */; };
		EDFB952E2636E9E800A55C12 /* InitialTeamViewController.swift in Sources */ = {isa = PBXBuildFile; fileRef = EDFB952D2636E9E800A55C12 /* InitialTeamViewController.swift */; };
		EDFB95312636EA6000A55C12 /* TeamInfo.swift in Sources */ = {isa = PBXBuildFile; fileRef = EDFB95302636EA6000A55C12 /* TeamInfo.swift */; };
		EDFB953426370D6700A55C12 /* GameInfo.swift in Sources */ = {isa = PBXBuildFile; fileRef = EDFB953326370D6700A55C12 /* GameInfo.swift */; };
/* End PBXBuildFile section */

/* Begin PBXFileReference section */
		EDC17F8D2642E10E00A80F32 /* AVFoundation.framework */ = {isa = PBXFileReference; lastKnownFileType = wrapper.framework; name = AVFoundation.framework; path = System/Library/Frameworks/AVFoundation.framework; sourceTree = SDKROOT; };
		EDC17F952642FCF500A80F32 /* nbalogo.jpeg */ = {isa = PBXFileReference; lastKnownFileType = image.jpeg; path = nbalogo.jpeg; sourceTree = "<group>"; };
		EDC17F962642FD0600A80F32 /* swoosh.mp3 */ = {isa = PBXFileReference; lastKnownFileType = audio.mp3; name = swoosh.mp3; path = ../../../../../Downloads/swoosh.mp3; sourceTree = "<group>"; };
		EDC17F9E2643156B00A80F32 /* CustomTableViewCell.swift */ = {isa = PBXFileReference; lastKnownFileType = sourcecode.swift; path = CustomTableViewCell.swift; sourceTree = "<group>"; };
		EDC17FA126431CE700A80F32 /* defaultplayer.jpeg */ = {isa = PBXFileReference; lastKnownFileType = image.jpeg; name = defaultplayer.jpeg; path = ../../../../../Downloads/defaultplayer.jpeg; sourceTree = "<group>"; };
		EDDD7FC5263EEA6100D395B8 /* PlayerStatsViewController.swift */ = {isa = PBXFileReference; lastKnownFileType = sourcecode.swift; path = PlayerStatsViewController.swift; sourceTree = "<group>"; };
		EDE475EA263C128A0096E7B9 /* PlayersViewController.swift */ = {isa = PBXFileReference; lastKnownFileType = sourcecode.swift; path = PlayersViewController.swift; sourceTree = "<group>"; };
		EDE475ED263C12AB0096E7B9 /* PlayerInfo.swift */ = {isa = PBXFileReference; lastKnownFileType = sourcecode.swift; path = PlayerInfo.swift; sourceTree = "<group>"; };
		EDE475F0263C2EF90096E7B9 /* PlayerStatsInfo.swift */ = {isa = PBXFileReference; lastKnownFileType = sourcecode.swift; path = PlayerStatsInfo.swift; sourceTree = "<group>"; };
		EDE475F7263C3B870096E7B9 /* TeamsAndPlayers.swift */ = {isa = PBXFileReference; lastKnownFileType = sourcecode.swift; path = TeamsAndPlayers.swift; sourceTree = "<group>"; };
		EDFB950B2636E45300A55C12 /* NBAStatsApp.app */ = {isa = PBXFileReference; explicitFileType = wrapper.application; includeInIndex = 0; path = NBAStatsApp.app; sourceTree = BUILT_PRODUCTS_DIR; };
		EDFB950E2636E45300A55C12 /* AppDelegate.swift */ = {isa = PBXFileReference; lastKnownFileType = sourcecode.swift; path = AppDelegate.swift; sourceTree = "<group>"; };
		EDFB95102636E45300A55C12 /* SceneDelegate.swift */ = {isa = PBXFileReference; lastKnownFileType = sourcecode.swift; path = SceneDelegate.swift; sourceTree = "<group>"; };
		EDFB95122636E45300A55C12 /* ViewController.swift */ = {isa = PBXFileReference; lastKnownFileType = sourcecode.swift; path = ViewController.swift; sourceTree = "<group>"; };
		EDFB95152636E45300A55C12 /* Base */ = {isa = PBXFileReference; lastKnownFileType = file.storyboard; name = Base; path = Base.lproj/Main.storyboard; sourceTree = "<group>"; };
		EDFB95172636E45400A55C12 /* Assets.xcassets */ = {isa = PBXFileReference; lastKnownFileType = folder.assetcatalog; path = Assets.xcassets; sourceTree = "<group>"; };
		EDFB951A2636E45400A55C12 /* Base */ = {isa = PBXFileReference; lastKnownFileType = file.storyboard; name = Base; path = Base.lproj/LaunchScreen.storyboard; sourceTree = "<group>"; };
		EDFB951C2636E45400A55C12 /* Info.plist */ = {isa = PBXFileReference; lastKnownFileType = text.plist.xml; path = Info.plist; sourceTree = "<group>"; };
		EDFB952A2636E88200A55C12 /* TeamViewController.swift */ = {isa = PBXFileReference; lastKnownFileType = sourcecode.swift; path = TeamViewController.swift; sourceTree = "<group>"; };
		EDFB952D2636E9E800A55C12 /* InitialTeamViewController.swift */ = {isa = PBXFileReference; lastKnownFileType = sourcecode.swift; path = InitialTeamViewController.swift; sourceTree = "<group>"; };
		EDFB95302636EA6000A55C12 /* TeamInfo.swift */ = {isa = PBXFileReference; lastKnownFileType = sourcecode.swift; path = TeamInfo.swift; sourceTree = "<group>"; };
		EDFB953326370D6700A55C12 /* GameInfo.swift */ = {isa = PBXFileReference; lastKnownFileType = sourcecode.swift; path = GameInfo.swift; sourceTree = "<group>"; };
/* End PBXFileReference section */

/* Begin PBXFrameworksBuildPhase section */
		EDFB95082636E45300A55C12 /* Frameworks */ = {
			isa = PBXFrameworksBuildPhase;
			buildActionMask = 2147483647;
			files = (
				EDC17F8E2642E10E00A80F32 /* AVFoundation.framework in Frameworks */,
			);
			runOnlyForDeploymentPostprocessing = 0;
		};
/* End PBXFrameworksBuildPhase section */

/* Begin PBXGroup section */
		EDC17F882642E03700A80F32 /* Sounds */ = {
			isa = PBXGroup;
			children = (
				EDC17F962642FD0600A80F32 /* swoosh.mp3 */,
			);
			path = Sounds;
			sourceTree = "<group>";
		};
		EDC17F8C2642E10E00A80F32 /* Frameworks */ = {
			isa = PBXGroup;
			children = (
				EDC17F8D2642E10E00A80F32 /* AVFoundation.framework */,
			);
			name = Frameworks;
			sourceTree = "<group>";
		};
		EDC17F942642FCF100A80F32 /* Images */ = {
			isa = PBXGroup;
			children = (
				EDC17F952642FCF500A80F32 /* nbalogo.jpeg */,
				EDC17FA126431CE700A80F32 /* defaultplayer.jpeg */,
			);
			path = Images;
			sourceTree = "<group>";
		};
		EDFB95022636E45300A55C12 = {
			isa = PBXGroup;
			children = (
				EDFB950D2636E45300A55C12 /* NBAStatsApp */,
				EDFB950C2636E45300A55C12 /* Products */,
				EDC17F8C2642E10E00A80F32 /* Frameworks */,
			);
			sourceTree = "<group>";
		};
		EDFB950C2636E45300A55C12 /* Products */ = {
			isa = PBXGroup;
			children = (
				EDFB950B2636E45300A55C12 /* NBAStatsApp.app */,
			);
			name = Products;
			sourceTree = "<group>";
		};
		EDFB950D2636E45300A55C12 /* NBAStatsApp */ = {
			isa = PBXGroup;
			children = (
				EDFB95282636E56900A55C12 /* Delegates */,
				EDFB95272636E55C00A55C12 /* Controllers */,
				EDFB95262636E55000A55C12 /* Data */,
				EDFB95252636E54700A55C12 /* Views */,
				EDFB95242636E53C00A55C12 /* Models */,
				EDFB951C2636E45400A55C12 /* Info.plist */,
			);
			path = NBAStatsApp;
			sourceTree = "<group>";
		};
		EDFB95242636E53C00A55C12 /* Models */ = {
			isa = PBXGroup;
			children = (
				EDFB95302636EA6000A55C12 /* TeamInfo.swift */,
				EDFB953326370D6700A55C12 /* GameInfo.swift */,
				EDE475ED263C12AB0096E7B9 /* PlayerInfo.swift */,
				EDE475F0263C2EF90096E7B9 /* PlayerStatsInfo.swift */,
			);
			path = Models;
			sourceTree = "<group>";
		};
		EDFB95252636E54700A55C12 /* Views */ = {
			isa = PBXGroup;
			children = (
				EDFB95192636E45400A55C12 /* LaunchScreen.storyboard */,
				EDFB95142636E45300A55C12 /* Main.storyboard */,
			);
			path = Views;
			sourceTree = "<group>";
		};
		EDFB95262636E55000A55C12 /* Data */ = {
			isa = PBXGroup;
			children = (
				EDC17F882642E03700A80F32 /* Sounds */,
				EDC17F942642FCF100A80F32 /* Images */,
				EDFB95172636E45400A55C12 /* Assets.xcassets */,
				EDE475F7263C3B870096E7B9 /* TeamsAndPlayers.swift */,
			);
			path = Data;
			sourceTree = "<group>";
		};
		EDFB95272636E55C00A55C12 /* Controllers */ = {
			isa = PBXGroup;
			children = (
				EDFB95122636E45300A55C12 /* ViewController.swift */,
				EDFB952A2636E88200A55C12 /* TeamViewController.swift */,
				EDFB952D2636E9E800A55C12 /* InitialTeamViewController.swift */,
				EDE475EA263C128A0096E7B9 /* PlayersViewController.swift */,
				EDDD7FC5263EEA6100D395B8 /* PlayerStatsViewController.swift */,
				EDC17F9E2643156B00A80F32 /* CustomTableViewCell.swift */,
			);
			path = Controllers;
			sourceTree = "<group>";
		};
		EDFB95282636E56900A55C12 /* Delegates */ = {
			isa = PBXGroup;
			children = (
				EDFB95102636E45300A55C12 /* SceneDelegate.swift */,
				EDFB950E2636E45300A55C12 /* AppDelegate.swift */,
			);
			path = Delegates;
			sourceTree = "<group>";
		};
/* End PBXGroup section */

/* Begin PBXNativeTarget section */
		EDFB950A2636E45300A55C12 /* NBAStatsApp */ = {
			isa = PBXNativeTarget;
			buildConfigurationList = EDFB951F2636E45400A55C12 /* Build configuration list for PBXNativeTarget "NBAStatsApp" */;
			buildPhases = (
				EDFB95072636E45300A55C12 /* Sources */,
				EDFB95082636E45300A55C12 /* Frameworks */,
				EDFB95092636E45300A55C12 /* Resources */,
			);
			buildRules = (
			);
			dependencies = (
			);
			name = NBAStatsApp;
			productName = NBAStatsApp;
			productReference = EDFB950B2636E45300A55C12 /* NBAStatsApp.app */;
			productType = "com.apple.product-type.application";
		};
/* End PBXNativeTarget section */

/* Begin PBXProject section */
		EDFB95032636E45300A55C12 /* Project object */ = {
			isa = PBXProject;
			attributes = {
				LastSwiftUpdateCheck = 1240;
				LastUpgradeCheck = 1240;
				TargetAttributes = {
					EDFB950A2636E45300A55C12 = {
						CreatedOnToolsVersion = 12.4;
					};
				};
			};
			buildConfigurationList = EDFB95062636E45300A55C12 /* Build configuration list for PBXProject "NBAStatsApp" */;
			compatibilityVersion = "Xcode 9.3";
			developmentRegion = en;
			hasScannedForEncodings = 0;
			knownRegions = (
				en,
				Base,
			);
			mainGroup = EDFB95022636E45300A55C12;
			productRefGroup = EDFB950C2636E45300A55C12 /* Products */;
			projectDirPath = "";
			projectRoot = "";
			targets = (
				EDFB950A2636E45300A55C12 /* NBAStatsApp */,
			);
		};
/* End PBXProject section */

/* Begin PBXResourcesBuildPhase section */
		EDFB95092636E45300A55C12 /* Resources */ = {
			isa = PBXResourcesBuildPhase;
			buildActionMask = 2147483647;
			files = (
				EDC17FA226431CE700A80F32 /* defaultplayer.jpeg in Resources */,
				EDC17F972642FD0600A80F32 /* swoosh.mp3 in Resources */,
				EDFB951B2636E45400A55C12 /* LaunchScreen.storyboard in Resources */,
				EDFB95182636E45400A55C12 /* Assets.xcassets in Resources */,
				EDFB95162636E45300A55C12 /* Main.storyboard in Resources */,
			);
			runOnlyForDeploymentPostprocessing = 0;
		};
/* End PBXResourcesBuildPhase section */

/* Begin PBXSourcesBuildPhase section */
		EDFB95072636E45300A55C12 /* Sources */ = {
			isa = PBXSourcesBuildPhase;
			buildActionMask = 2147483647;
			files = (
				EDE475F1263C2EF90096E7B9 /* PlayerStatsInfo.swift in Sources */,
				EDDD7FC6263EEA6100D395B8 /* PlayerStatsViewController.swift in Sources */,
				EDFB953426370D6700A55C12 /* GameInfo.swift in Sources */,
				EDFB95132636E45300A55C12 /* ViewController.swift in Sources */,
				EDFB952B2636E88200A55C12 /* TeamViewController.swift in Sources */,
				EDFB95312636EA6000A55C12 /* TeamInfo.swift in Sources */,
				EDFB950F2636E45300A55C12 /* AppDelegate.swift in Sources */,
				EDE475EE263C12AB0096E7B9 /* PlayerInfo.swift in Sources */,
				EDE475EB263C128A0096E7B9 /* PlayersViewController.swift in Sources */,
				EDE475F8263C3B870096E7B9 /* TeamsAndPlayers.swift in Sources */,
				EDFB952E2636E9E800A55C12 /* InitialTeamViewController.swift in Sources */,
				EDFB95112636E45300A55C12 /* SceneDelegate.swift in Sources */,
				EDC17F9F2643156B00A80F32 /* CustomTableViewCell.swift in Sources */,
			);
			runOnlyForDeploymentPostprocessing = 0;
		};
/* End PBXSourcesBuildPhase section */

/* Begin PBXVariantGroup section */
		EDFB95142636E45300A55C12 /* Main.storyboard */ = {
			isa = PBXVariantGroup;
			children = (
				EDFB95152636E45300A55C12 /* Base */,
			);
			name = Main.storyboard;
			sourceTree = "<group>";
		};
		EDFB95192636E45400A55C12 /* LaunchScreen.storyboard */ = {
			isa = PBXVariantGroup;
			children = (
				EDFB951A2636E45400A55C12 /* Base */,
			);
			name = LaunchScreen.storyboard;
			sourceTree = "<group>";
		};
/* End PBXVariantGroup section */

/* Begin XCBuildConfiguration section */
		EDFB951D2636E45400A55C12 /* Debug */ = {
			isa = XCBuildConfiguration;
			buildSettings = {
				ALWAYS_SEARCH_USER_PATHS = NO;
				CLANG_ANALYZER_NONNULL = YES;
				CLANG_ANALYZER_NUMBER_OBJECT_CONVERSION = YES_AGGRESSIVE;
				CLANG_CXX_LANGUAGE_STANDARD = "gnu++14";
				CLANG_CXX_LIBRARY = "libc++";
				CLANG_ENABLE_MODULES = YES;
				CLANG_ENABLE_OBJC_ARC = YES;
				CLANG_ENABLE_OBJC_WEAK = YES;
				CLANG_WARN_BLOCK_CAPTURE_AUTORELEASING = YES;
				CLANG_WARN_BOOL_CONVERSION = YES;
				CLANG_WARN_COMMA = YES;
				CLANG_WARN_CONSTANT_CONVERSION = YES;
				CLANG_WARN_DEPRECATED_OBJC_IMPLEMENTATIONS = YES;
				CLANG_WARN_DIRECT_OBJC_ISA_USAGE = YES_ERROR;
				CLANG_WARN_DOCUMENTATION_COMMENTS = YES;
				CLANG_WARN_EMPTY_BODY = YES;
				CLANG_WARN_ENUM_CONVERSION = YES;
				CLANG_WARN_INFINITE_RECURSION = YES;
				CLANG_WARN_INT_CONVERSION = YES;
				CLANG_WARN_NON_LITERAL_NULL_CONVERSION = YES;
				CLANG_WARN_OBJC_IMPLICIT_RETAIN_SELF = YES;
				CLANG_WARN_OBJC_LITERAL_CONVERSION = YES;
				CLANG_WARN_OBJC_ROOT_CLASS = YES_ERROR;
				CLANG_WARN_QUOTED_INCLUDE_IN_FRAMEWORK_HEADER = YES;
				CLANG_WARN_RANGE_LOOP_ANALYSIS = YES;
				CLANG_WARN_STRICT_PROTOTYPES = YES;
				CLANG_WARN_SUSPICIOUS_MOVE = YES;
				CLANG_WARN_UNGUARDED_AVAILABILITY = YES_AGGRESSIVE;
				CLANG_WARN_UNREACHABLE_CODE = YES;
				CLANG_WARN__DUPLICATE_METHOD_MATCH = YES;
				COPY_PHASE_STRIP = NO;
				DEBUG_INFORMATION_FORMAT = dwarf;
				ENABLE_STRICT_OBJC_MSGSEND = YES;
				ENABLE_TESTABILITY = YES;
				GCC_C_LANGUAGE_STANDARD = gnu11;
				GCC_DYNAMIC_NO_PIC = NO;
				GCC_NO_COMMON_BLOCKS = YES;
				GCC_OPTIMIZATION_LEVEL = 0;
				GCC_PREPROCESSOR_DEFINITIONS = (
					"DEBUG=1",
					"$(inherited)",
				);
				GCC_WARN_64_TO_32_BIT_CONVERSION = YES;
				GCC_WARN_ABOUT_RETURN_TYPE = YES_ERROR;
				GCC_WARN_UNDECLARED_SELECTOR = YES;
				GCC_WARN_UNINITIALIZED_AUTOS = YES_AGGRESSIVE;
				GCC_WARN_UNUSED_FUNCTION = YES;
				GCC_WARN_UNUSED_VARIABLE = YES;
				IPHONEOS_DEPLOYMENT_TARGET = 14.4;
				MTL_ENABLE_DEBUG_INFO = INCLUDE_SOURCE;
				MTL_FAST_MATH = YES;
				ONLY_ACTIVE_ARCH = YES;
				SDKROOT = iphoneos;
				SWIFT_ACTIVE_COMPILATION_CONDITIONS = DEBUG;
				SWIFT_OPTIMIZATION_LEVEL = "-Onone";
			};
			name = Debug;
		};
		EDFB951E2636E45400A55C12 /* Release */ = {
			isa = XCBuildConfiguration;
			buildSettings = {
				ALWAYS_SEARCH_USER_PATHS = NO;
				CLANG_ANALYZER_NONNULL = YES;
				CLANG_ANALYZER_NUMBER_OBJECT_CONVERSION = YES_AGGRESSIVE;
				CLANG_CXX_LANGUAGE_STANDARD = "gnu++14";
				CLANG_CXX_LIBRARY = "libc++";
				CLANG_ENABLE_MODULES = YES;
				CLANG_ENABLE_OBJC_ARC = YES;
				CLANG_ENABLE_OBJC_WEAK = YES;
				CLANG_WARN_BLOCK_CAPTURE_AUTORELEASING = YES;
				CLANG_WARN_BOOL_CONVERSION = YES;
				CLANG_WARN_COMMA = YES;
				CLANG_WARN_CONSTANT_CONVERSION = YES;
				CLANG_WARN_DEPRECATED_OBJC_IMPLEMENTATIONS = YES;
				CLANG_WARN_DIRECT_OBJC_ISA_USAGE = YES_ERROR;
				CLANG_WARN_DOCUMENTATION_COMMENTS = YES;
				CLANG_WARN_EMPTY_BODY = YES;
				CLANG_WARN_ENUM_CONVERSION = YES;
				CLANG_WARN_INFINITE_RECURSION = YES;
				CLANG_WARN_INT_CONVERSION = YES;
				CLANG_WARN_NON_LITERAL_NULL_CONVERSION = YES;
				CLANG_WARN_OBJC_IMPLICIT_RETAIN_SELF = YES;
				CLANG_WARN_OBJC_LITERAL_CONVERSION = YES;
				CLANG_WARN_OBJC_ROOT_CLASS = YES_ERROR;
				CLANG_WARN_QUOTED_INCLUDE_IN_FRAMEWORK_HEADER = YES;
				CLANG_WARN_RANGE_LOOP_ANALYSIS = YES;
				CLANG_WARN_STRICT_PROTOTYPES = YES;
				CLANG_WARN_SUSPICIOUS_MOVE = YES;
				CLANG_WARN_UNGUARDED_AVAILABILITY = YES_AGGRESSIVE;
				CLANG_WARN_UNREACHABLE_CODE = YES;
				CLANG_WARN__DUPLICATE_METHOD_MATCH = YES;
				COPY_PHASE_STRIP = NO;
				DEBUG_INFORMATION_FORMAT = "dwarf-with-dsym";
				ENABLE_NS_ASSERTIONS = NO;
				ENABLE_STRICT_OBJC_MSGSEND = YES;
				GCC_C_LANGUAGE_STANDARD = gnu11;
				GCC_NO_COMMON_BLOCKS = YES;
				GCC_WARN_64_TO_32_BIT_CONVERSION = YES;
				GCC_WARN_ABOUT_RETURN_TYPE = YES_ERROR;
				GCC_WARN_UNDECLARED_SELECTOR = YES;
				GCC_WARN_UNINITIALIZED_AUTOS = YES_AGGRESSIVE;
				GCC_WARN_UNUSED_FUNCTION = YES;
				GCC_WARN_UNUSED_VARIABLE = YES;
				IPHONEOS_DEPLOYMENT_TARGET = 14.4;
				MTL_ENABLE_DEBUG_INFO = NO;
				MTL_FAST_MATH = YES;
				SDKROOT = iphoneos;
				SWIFT_COMPILATION_MODE = wholemodule;
				SWIFT_OPTIMIZATION_LEVEL = "-O";
				VALIDATE_PRODUCT = YES;
			};
			name = Release;
		};
		EDFB95202636E45400A55C12 /* Debug */ = {
			isa = XCBuildConfiguration;
			buildSettings = {
				ASSETCATALOG_COMPILER_APPICON_NAME = AppIcon;
				ASSETCATALOG_COMPILER_GLOBAL_ACCENT_COLOR_NAME = AccentColor;
				CODE_SIGN_STYLE = Automatic;
				DEVELOPMENT_TEAM = K6ATTQCYHQ;
				INFOPLIST_FILE = NBAStatsApp/Info.plist;
				LD_RUNPATH_SEARCH_PATHS = (
					"$(inherited)",
					"@executable_path/Frameworks",
				);
				PRODUCT_BUNDLE_IDENTIFIER = nahmad.NBAStatsApp;
				PRODUCT_NAME = "$(TARGET_NAME)";
				SWIFT_VERSION = 5.0;
				TARGETED_DEVICE_FAMILY = "1,2";
			};
			name = Debug;
		};
		EDFB95212636E45400A55C12 /* Release */ = {
			isa = XCBuildConfiguration;
			buildSettings = {
				ASSETCATALOG_COMPILER_APPICON_NAME = AppIcon;
				ASSETCATALOG_COMPILER_GLOBAL_ACCENT_COLOR_NAME = AccentColor;
				CODE_SIGN_STYLE = Automatic;
				DEVELOPMENT_TEAM = K6ATTQCYHQ;
				INFOPLIST_FILE = NBAStatsApp/Info.plist;
				LD_RUNPATH_SEARCH_PATHS = (
					"$(inherited)",
					"@executable_path/Frameworks",
				);
				PRODUCT_BUNDLE_IDENTIFIER = nahmad.NBAStatsApp;
				PRODUCT_NAME = "$(TARGET_NAME)";
				SWIFT_VERSION = 5.0;
				TARGETED_DEVICE_FAMILY = "1,2";
			};
			name = Release;
		};
/* End XCBuildConfiguration section */

/* Begin XCConfigurationList section */
		EDFB95062636E45300A55C12 /* Build configuration list for PBXProject "NBAStatsApp" */ = {
			isa = XCConfigurationList;
			buildConfigurations = (
				EDFB951D2636E45400A55C12 /* Debug */,
				EDFB951E2636E45400A55C12 /* Release */,
			);
			defaultConfigurationIsVisible = 0;
			defaultConfigurationName = Release;
		};
		EDFB951F2636E45400A55C12 /* Build configuration list for PBXNativeTarget "NBAStatsApp" */ = {
			isa = XCConfigurationList;
			buildConfigurations = (
				EDFB95202636E45400A55C12 /* Debug */,
				EDFB95212636E45400A55C12 /* Release */,
			);
			defaultConfigurationIsVisible = 0;
			defaultConfigurationName = Release;
		};
/* End XCConfigurationList section */
	};
	rootObject = EDFB95032636E45300A55C12 /* Project object */;
}
